
Microsoft Visual Studio Solution File, Format Version 12.00
# Visual Studio Version 17
VisualStudioVersion = 17.10.35122.118
MinimumVisualStudioVersion = 10.0.40219.1
Project("{FAE04EC0-301F-11D3-BF4B-00C04F79EFBC}") = "Task-CRUDOperation", "Task-CRUDOperation.csproj", "{3C320738-0818-4B0F-8263-8DEFE0075DED}"
EndProject
Global
	GlobalSection(SolutionConfigurationPlatforms) = preSolution
		Debug|Any CPU = Debug|Any CPU
		Release|Any CPU = Release|Any CPU
	EndGlobalSection
	GlobalSection(ProjectConfigurationPlatforms) = postSolution
		{3C320738-0818-4B0F-8263-8DEFE0075DED}.Debug|Any CPU.ActiveCfg = Debug|Any CPU
		{3C320738-0818-4B0F-8263-8DEFE0075DED}.Debug|Any CPU.Build.0 = Debug|Any CPU
		{3C320738-0818-4B0F-8263-8DEFE0075DED}.Release|Any CPU.ActiveCfg = Release|Any CPU
		{3C320738-0818-4B0F-8263-8DEFE0075DED}.Release|Any CPU.Build.0 = Release|Any CPU
	EndGlobalSection
	GlobalSection(SolutionProperties) = preSolution
		HideSolutionNode = FALSE
	EndGlobalSection
	GlobalSection(ExtensibilityGlobals) = postSolution
		SolutionGuid = {2F9C7A67-3698-41F1-B2D9-23E89625FEFB}
	EndGlobalSection
EndGlobal
